
Microsoft Visual Studio Solution File, Format Version 12.00
# Visual Studio Version 16
VisualStudioVersion = 16.0.29318.209
MinimumVisualStudioVersion = 10.0.40219.1
Project("{FAE04EC0-301F-11D3-BF4B-00C04F79EFBC}") = "ex3", "ex3\ex3.csproj", "{BE93A9E9-0BA1-4CF4-BA0C-ACE01F57F3B1}"
EndProject
Global
	GlobalSection(SolutionConfigurationPlatforms) = preSolution
		Debug|Any CPU = Debug|Any CPU
		Release|Any CPU = Release|Any CPU
	EndGlobalSection
	GlobalSection(ProjectConfigurationPlatforms) = postSolution
		{BE93A9E9-0BA1-4CF4-BA0C-ACE01F57F3B1}.Debug|Any CPU.ActiveCfg = Debug|Any CPU
		{BE93A9E9-0BA1-4CF4-BA0C-ACE01F57F3B1}.Debug|Any CPU.Build.0 = Debug|Any CPU
		{BE93A9E9-0BA1-4CF4-BA0C-ACE01F57F3B1}.Release|Any CPU.ActiveCfg = Release|Any CPU
		{BE93A9E9-0BA1-4CF4-BA0C-ACE01F57F3B1}.Release|Any CPU.Build.0 = Release|Any CPU
	EndGlobalSection
	GlobalSection(SolutionProperties) = preSolution
		HideSolutionNode = FALSE
	EndGlobalSection
	GlobalSection(ExtensibilityGlobals) = postSolution
		SolutionGuid = {CCD054D2-3DF2-4147-9E0B-972DEB4DFF2B}
	EndGlobalSection
EndGlobal
